// !$*UTF8*$!
{
	archiveVersion = 1;
	classes = {
	};
	objectVersion = 56;
	objects = {

/* Begin PBXBuildFile section */
		2D4A18D72A803B2200F1D6DF /* SortedParam.swift in Sources */ = {isa = PBXBuildFile; fileRef = 2D4A18D62A803B2200F1D6DF /* SortedParam.swift */; };
		2D8ABB0A2A818B60005A93E8 /* HighlightedTextView.swift in Sources */ = {isa = PBXBuildFile; fileRef = 2D8ABB092A818B60005A93E8 /* HighlightedTextView.swift */; };
		2D8ABB0F2A819C4E005A93E8 /* Text + Extension.swift in Sources */ = {isa = PBXBuildFile; fileRef = 2D8ABB0E2A819C4E005A93E8 /* Text + Extension.swift */; };
		2DAD074F2A7D5DE3007A7189 /* NewsExplorerApp.swift in Sources */ = {isa = PBXBuildFile; fileRef = 2DAD074E2A7D5DE3007A7189 /* NewsExplorerApp.swift */; };
		2DAD07532A7D5DE7007A7189 /* Assets.xcassets in Resources */ = {isa = PBXBuildFile; fileRef = 2DAD07522A7D5DE7007A7189 /* Assets.xcassets */; };
		2DAD07572A7D5DE7007A7189 /* Preview Assets.xcassets in Resources */ = {isa = PBXBuildFile; fileRef = 2DAD07562A7D5DE7007A7189 /* Preview Assets.xcassets */; };
		2DAD075E2A7D625A007A7189 /* RequestPathConstants.swift in Sources */ = {isa = PBXBuildFile; fileRef = 2DAD075D2A7D625A007A7189 /* RequestPathConstants.swift */; };
		2DAD07602A7D6321007A7189 /* NewsAPIService.swift in Sources */ = {isa = PBXBuildFile; fileRef = 2DAD075F2A7D6321007A7189 /* NewsAPIService.swift */; };
		2DAD07632A7D643C007A7189 /* NewsAPIError.swift in Sources */ = {isa = PBXBuildFile; fileRef = 2DAD07622A7D643B007A7189 /* NewsAPIError.swift */; };
		2DAD07662A7D6549007A7189 /* NewsAPI.swift in Sources */ = {isa = PBXBuildFile; fileRef = 2DAD07652A7D6549007A7189 /* NewsAPI.swift */; };
		2DAD076A2A7D65E8007A7189 /* ArticleListView.swift in Sources */ = {isa = PBXBuildFile; fileRef = 2DAD07692A7D65E8007A7189 /* ArticleListView.swift */; };
		2DAD076C2A7D65F9007A7189 /* ArticleListViewModel.swift in Sources */ = {isa = PBXBuildFile; fileRef = 2DAD076B2A7D65F9007A7189 /* ArticleListViewModel.swift */; };
		2DAD076E2A7D666B007A7189 /* LoadingView.swift in Sources */ = {isa = PBXBuildFile; fileRef = 2DAD076D2A7D666B007A7189 /* LoadingView.swift */; };
		2DAD07702A7D6730007A7189 /* LoadingState.swift in Sources */ = {isa = PBXBuildFile; fileRef = 2DAD076F2A7D6730007A7189 /* LoadingState.swift */; };
		2DAD07722A7D9B3F007A7189 /* ArticleView.swift in Sources */ = {isa = PBXBuildFile; fileRef = 2DAD07712A7D9B3F007A7189 /* ArticleView.swift */; };
		2DAD07742A7D9BE2007A7189 /* Constants.swift in Sources */ = {isa = PBXBuildFile; fileRef = 2DAD07732A7D9BE1007A7189 /* Constants.swift */; };
		2DAD07762A7DA62E007A7189 /* ArticleViewModel.swift in Sources */ = {isa = PBXBuildFile; fileRef = 2DAD07752A7DA62E007A7189 /* ArticleViewModel.swift */; };
		2DF1D5B72A83969D00936117 /* String + Extension.swift in Sources */ = {isa = PBXBuildFile; fileRef = 2DF1D5B62A83969D00936117 /* String + Extension.swift */; };
		2DF1D5B92A83AB2600936117 /* ChooseTimePeriodView.swift in Sources */ = {isa = PBXBuildFile; fileRef = 2DF1D5B82A83AB2600936117 /* ChooseTimePeriodView.swift */; };
/* End PBXBuildFile section */

/* Begin PBXFileReference section */
		2D4A18D62A803B2200F1D6DF /* SortedParam.swift */ = {isa = PBXFileReference; lastKnownFileType = sourcecode.swift; path = SortedParam.swift; sourceTree = "<group>"; };
		2D8ABB092A818B60005A93E8 /* HighlightedTextView.swift */ = {isa = PBXFileReference; lastKnownFileType = sourcecode.swift; path = HighlightedTextView.swift; sourceTree = "<group>"; };
		2D8ABB0E2A819C4E005A93E8 /* Text + Extension.swift */ = {isa = PBXFileReference; lastKnownFileType = sourcecode.swift; path = "Text + Extension.swift"; sourceTree = "<group>"; };
		2DAD074B2A7D5DE3007A7189 /* NewsExplorer.app */ = {isa = PBXFileReference; explicitFileType = wrapper.application; includeInIndex = 0; path = NewsExplorer.app; sourceTree = BUILT_PRODUCTS_DIR; };
		2DAD074E2A7D5DE3007A7189 /* NewsExplorerApp.swift */ = {isa = PBXFileReference; lastKnownFileType = sourcecode.swift; path = NewsExplorerApp.swift; sourceTree = "<group>"; };
		2DAD07522A7D5DE7007A7189 /* Assets.xcassets */ = {isa = PBXFileReference; lastKnownFileType = folder.assetcatalog; path = Assets.xcassets; sourceTree = "<group>"; };
		2DAD07542A7D5DE7007A7189 /* NewsExplorer.entitlements */ = {isa = PBXFileReference; lastKnownFileType = text.plist.entitlements; path = NewsExplorer.entitlements; sourceTree = "<group>"; };
		2DAD07562A7D5DE7007A7189 /* Preview Assets.xcassets */ = {isa = PBXFileReference; lastKnownFileType = folder.assetcatalog; path = "Preview Assets.xcassets"; sourceTree = "<group>"; };
		2DAD075D2A7D625A007A7189 /* RequestPathConstants.swift */ = {isa = PBXFileReference; lastKnownFileType = sourcecode.swift; path = RequestPathConstants.swift; sourceTree = "<group>"; };
		2DAD075F2A7D6321007A7189 /* NewsAPIService.swift */ = {isa = PBXFileReference; lastKnownFileType = sourcecode.swift; path = NewsAPIService.swift; sourceTree = "<group>"; };
		2DAD07622A7D643B007A7189 /* NewsAPIError.swift */ = {isa = PBXFileReference; lastKnownFileType = sourcecode.swift; path = NewsAPIError.swift; sourceTree = "<group>"; };
		2DAD07652A7D6549007A7189 /* NewsAPI.swift */ = {isa = PBXFileReference; lastKnownFileType = sourcecode.swift; path = NewsAPI.swift; sourceTree = "<group>"; };
		2DAD07692A7D65E8007A7189 /* ArticleListView.swift */ = {isa = PBXFileReference; lastKnownFileType = sourcecode.swift; path = ArticleListView.swift; sourceTree = "<group>"; };
		2DAD076B2A7D65F9007A7189 /* ArticleListViewModel.swift */ = {isa = PBXFileReference; lastKnownFileType = sourcecode.swift; path = ArticleListViewModel.swift; sourceTree = "<group>"; };
		2DAD076D2A7D666B007A7189 /* LoadingView.swift */ = {isa = PBXFileReference; lastKnownFileType = sourcecode.swift; path = LoadingView.swift; sourceTree = "<group>"; };
		2DAD076F2A7D6730007A7189 /* LoadingState.swift */ = {isa = PBXFileReference; lastKnownFileType = sourcecode.swift; path = LoadingState.swift; sourceTree = "<group>"; };
		2DAD07712A7D9B3F007A7189 /* ArticleView.swift */ = {isa = PBXFileReference; lastKnownFileType = sourcecode.swift; path = ArticleView.swift; sourceTree = "<group>"; };
		2DAD07732A7D9BE1007A7189 /* Constants.swift */ = {isa = PBXFileReference; lastKnownFileType = sourcecode.swift; path = Constants.swift; sourceTree = "<group>"; };
		2DAD07752A7DA62E007A7189 /* ArticleViewModel.swift */ = {isa = PBXFileReference; lastKnownFileType = sourcecode.swift; path = ArticleViewModel.swift; sourceTree = "<group>"; };
		2DF1D5B62A83969D00936117 /* String + Extension.swift */ = {isa = PBXFileReference; lastKnownFileType = sourcecode.swift; path = "String + Extension.swift"; sourceTree = "<group>"; };
		2DF1D5B82A83AB2600936117 /* ChooseTimePeriodView.swift */ = {isa = PBXFileReference; lastKnownFileType = sourcecode.swift; path = ChooseTimePeriodView.swift; sourceTree = "<group>"; };
/* End PBXFileReference section */

/* Begin PBXFrameworksBuildPhase section */
		2DAD07482A7D5DE3007A7189 /* Frameworks */ = {
			isa = PBXFrameworksBuildPhase;
			buildActionMask = 2147483647;
			files = (
			);
			runOnlyForDeploymentPostprocessing = 0;
		};
/* End PBXFrameworksBuildPhase section */

/* Begin PBXGroup section */
		2D8ABB0B2A818ED3005A93E8 /* Extensions */ = {
			isa = PBXGroup;
			children = (
				2D8ABB0E2A819C4E005A93E8 /* Text + Extension.swift */,
				2DF1D5B62A83969D00936117 /* String + Extension.swift */,
			);
			path = Extensions;
			sourceTree = "<group>";
		};
		2DAD07422A7D5DE2007A7189 = {
			isa = PBXGroup;
			children = (
				2DAD074D2A7D5DE3007A7189 /* NewsExplorer */,
				2DAD074C2A7D5DE3007A7189 /* Products */,
			);
			sourceTree = "<group>";
		};
		2DAD074C2A7D5DE3007A7189 /* Products */ = {
			isa = PBXGroup;
			children = (
				2DAD074B2A7D5DE3007A7189 /* NewsExplorer.app */,
			);
			name = Products;
			sourceTree = "<group>";
		};
		2DAD074D2A7D5DE3007A7189 /* NewsExplorer */ = {
			isa = PBXGroup;
			children = (
				2DC69EEC2A84578000B2CE39 /* CommonFiles */,
				2D8ABB0B2A818ED3005A93E8 /* Extensions */,
				2DAD07682A7D65A6007A7189 /* Views */,
				2DAD07672A7D659E007A7189 /* ViewModels */,
				2DAD07642A7D653C007A7189 /* Models */,
				2DAD07612A7D6327007A7189 /* Services */,
				2DAD074E2A7D5DE3007A7189 /* NewsExplorerApp.swift */,
				2DAD07522A7D5DE7007A7189 /* Assets.xcassets */,
				2DAD07542A7D5DE7007A7189 /* NewsExplorer.entitlements */,
				2DAD07552A7D5DE7007A7189 /* Preview Content */,
			);
			path = NewsExplorer;
			sourceTree = "<group>";
		};
		2DAD07552A7D5DE7007A7189 /* Preview Content */ = {
			isa = PBXGroup;
			children = (
				2DAD07562A7D5DE7007A7189 /* Preview Assets.xcassets */,
			);
			path = "Preview Content";
			sourceTree = "<group>";
		};
		2DAD07612A7D6327007A7189 /* Services */ = {
			isa = PBXGroup;
			children = (
				2DAD075F2A7D6321007A7189 /* NewsAPIService.swift */,
			);
			path = Services;
			sourceTree = "<group>";
		};
		2DAD07642A7D653C007A7189 /* Models */ = {
			isa = PBXGroup;
			children = (
				2DAD07652A7D6549007A7189 /* NewsAPI.swift */,
				2DAD07622A7D643B007A7189 /* NewsAPIError.swift */,
				2DAD076F2A7D6730007A7189 /* LoadingState.swift */,
				2D4A18D62A803B2200F1D6DF /* SortedParam.swift */,
			);
			path = Models;
			sourceTree = "<group>";
		};
		2DAD07672A7D659E007A7189 /* ViewModels */ = {
			isa = PBXGroup;
			children = (
				2DAD076B2A7D65F9007A7189 /* ArticleListViewModel.swift */,
				2DAD07752A7DA62E007A7189 /* ArticleViewModel.swift */,
			);
			path = ViewModels;
			sourceTree = "<group>";
		};
		2DAD07682A7D65A6007A7189 /* Views */ = {
			isa = PBXGroup;
			children = (
				2DAD07692A7D65E8007A7189 /* ArticleListView.swift */,
				2DAD076D2A7D666B007A7189 /* LoadingView.swift */,
				2DAD07712A7D9B3F007A7189 /* ArticleView.swift */,
				2D8ABB092A818B60005A93E8 /* HighlightedTextView.swift */,
				2DF1D5B82A83AB2600936117 /* ChooseTimePeriodView.swift */,
			);
			path = Views;
			sourceTree = "<group>";
		};
		2DC69EEC2A84578000B2CE39 /* CommonFiles */ = {
			isa = PBXGroup;
			children = (
				2DAD07732A7D9BE1007A7189 /* Constants.swift */,
				2DAD075D2A7D625A007A7189 /* RequestPathConstants.swift */,
			);
			path = CommonFiles;
			sourceTree = "<group>";
		};
/* End PBXGroup section */

/* Begin PBXNativeTarget section */
		2DAD074A2A7D5DE3007A7189 /* NewsExplorer */ = {
			isa = PBXNativeTarget;
			buildConfigurationList = 2DAD075A2A7D5DE7007A7189 /* Build configuration list for PBXNativeTarget "NewsExplorer" */;
			buildPhases = (
				2DAD07472A7D5DE3007A7189 /* Sources */,
				2DAD07482A7D5DE3007A7189 /* Frameworks */,
				2DAD07492A7D5DE3007A7189 /* Resources */,
			);
			buildRules = (
			);
			dependencies = (
			);
			name = NewsExplorer;
			productName = NewsExplorer;
			productReference = 2DAD074B2A7D5DE3007A7189 /* NewsExplorer.app */;
			productType = "com.apple.product-type.application";
		};
/* End PBXNativeTarget section */

/* Begin PBXProject section */
		2DAD07432A7D5DE2007A7189 /* Project object */ = {
			isa = PBXProject;
			attributes = {
				BuildIndependentTargetsInParallel = 1;
				LastSwiftUpdateCheck = 1420;
				LastUpgradeCheck = 1420;
				TargetAttributes = {
					2DAD074A2A7D5DE3007A7189 = {
						CreatedOnToolsVersion = 14.2;
					};
				};
			};
			buildConfigurationList = 2DAD07462A7D5DE2007A7189 /* Build configuration list for PBXProject "NewsExplorer" */;
			compatibilityVersion = "Xcode 14.0";
			developmentRegion = en;
			hasScannedForEncodings = 0;
			knownRegions = (
				en,
				Base,
			);
			mainGroup = 2DAD07422A7D5DE2007A7189;
			productRefGroup = 2DAD074C2A7D5DE3007A7189 /* Products */;
			projectDirPath = "";
			projectRoot = "";
			targets = (
				2DAD074A2A7D5DE3007A7189 /* NewsExplorer */,
			);
		};
/* End PBXProject section */

/* Begin PBXResourcesBuildPhase section */
		2DAD07492A7D5DE3007A7189 /* Resources */ = {
			isa = PBXResourcesBuildPhase;
			buildActionMask = 2147483647;
			files = (
				2DAD07572A7D5DE7007A7189 /* Preview Assets.xcassets in Resources */,
				2DAD07532A7D5DE7007A7189 /* Assets.xcassets in Resources */,
			);
			runOnlyForDeploymentPostprocessing = 0;
		};
/* End PBXResourcesBuildPhase section */

/* Begin PBXSourcesBuildPhase section */
		2DAD07472A7D5DE3007A7189 /* Sources */ = {
			isa = PBXSourcesBuildPhase;
			buildActionMask = 2147483647;
			files = (
				2DAD076C2A7D65F9007A7189 /* ArticleListViewModel.swift in Sources */,
				2DAD07742A7D9BE2007A7189 /* Constants.swift in Sources */,
				2DF1D5B72A83969D00936117 /* String + Extension.swift in Sources */,
				2DAD07702A7D6730007A7189 /* LoadingState.swift in Sources */,
				2DF1D5B92A83AB2600936117 /* ChooseTimePeriodView.swift in Sources */,
				2DAD076A2A7D65E8007A7189 /* ArticleListView.swift in Sources */,
				2DAD075E2A7D625A007A7189 /* RequestPathConstants.swift in Sources */,
				2D8ABB0A2A818B60005A93E8 /* HighlightedTextView.swift in Sources */,
				2DAD074F2A7D5DE3007A7189 /* NewsExplorerApp.swift in Sources */,
				2DAD07632A7D643C007A7189 /* NewsAPIError.swift in Sources */,
				2DAD07602A7D6321007A7189 /* NewsAPIService.swift in Sources */,
				2DAD07722A7D9B3F007A7189 /* ArticleView.swift in Sources */,
				2DAD07762A7DA62E007A7189 /* ArticleViewModel.swift in Sources */,
				2DAD07662A7D6549007A7189 /* NewsAPI.swift in Sources */,
				2DAD076E2A7D666B007A7189 /* LoadingView.swift in Sources */,
				2D8ABB0F2A819C4E005A93E8 /* Text + Extension.swift in Sources */,
				2D4A18D72A803B2200F1D6DF /* SortedParam.swift in Sources */,
			);
			runOnlyForDeploymentPostprocessing = 0;
		};
/* End PBXSourcesBuildPhase section */

/* Begin XCBuildConfiguration section */
		2DAD07582A7D5DE7007A7189 /* Debug */ = {
			isa = XCBuildConfiguration;
			buildSettings = {
				ALWAYS_SEARCH_USER_PATHS = NO;
				CLANG_ANALYZER_NONNULL = YES;
				CLANG_ANALYZER_NUMBER_OBJECT_CONVERSION = YES_AGGRESSIVE;
				CLANG_CXX_LANGUAGE_STANDARD = "gnu++20";
				CLANG_ENABLE_MODULES = YES;
				CLANG_ENABLE_OBJC_ARC = YES;
				CLANG_ENABLE_OBJC_WEAK = YES;
				CLANG_WARN_BLOCK_CAPTURE_AUTORELEASING = YES;
				CLANG_WARN_BOOL_CONVERSION = YES;
				CLANG_WARN_COMMA = YES;
				CLANG_WARN_CONSTANT_CONVERSION = YES;
				CLANG_WARN_DEPRECATED_OBJC_IMPLEMENTATIONS = YES;
				CLANG_WARN_DIRECT_OBJC_ISA_USAGE = YES_ERROR;
				CLANG_WARN_DOCUMENTATION_COMMENTS = YES;
				CLANG_WARN_EMPTY_BODY = YES;
				CLANG_WARN_ENUM_CONVERSION = YES;
				CLANG_WARN_INFINITE_RECURSION = YES;
				CLANG_WARN_INT_CONVERSION = YES;
				CLANG_WARN_NON_LITERAL_NULL_CONVERSION = YES;
				CLANG_WARN_OBJC_IMPLICIT_RETAIN_SELF = YES;
				CLANG_WARN_OBJC_LITERAL_CONVERSION = YES;
				CLANG_WARN_OBJC_ROOT_CLASS = YES_ERROR;
				CLANG_WARN_QUOTED_INCLUDE_IN_FRAMEWORK_HEADER = YES;
				CLANG_WARN_RANGE_LOOP_ANALYSIS = YES;
				CLANG_WARN_STRICT_PROTOTYPES = YES;
				CLANG_WARN_SUSPICIOUS_MOVE = YES;
				CLANG_WARN_UNGUARDED_AVAILABILITY = YES_AGGRESSIVE;
				CLANG_WARN_UNREACHABLE_CODE = YES;
				CLANG_WARN__DUPLICATE_METHOD_MATCH = YES;
				COPY_PHASE_STRIP = NO;
				DEBUG_INFORMATION_FORMAT = dwarf;
				ENABLE_STRICT_OBJC_MSGSEND = YES;
				ENABLE_TESTABILITY = YES;
				GCC_C_LANGUAGE_STANDARD = gnu11;
				GCC_DYNAMIC_NO_PIC = NO;
				GCC_NO_COMMON_BLOCKS = YES;
				GCC_OPTIMIZATION_LEVEL = 0;
				GCC_PREPROCESSOR_DEFINITIONS = (
					"DEBUG=1",
					"$(inherited)",
				);
				GCC_WARN_64_TO_32_BIT_CONVERSION = YES;
				GCC_WARN_ABOUT_RETURN_TYPE = YES_ERROR;
				GCC_WARN_UNDECLARED_SELECTOR = YES;
				GCC_WARN_UNINITIALIZED_AUTOS = YES_AGGRESSIVE;
				GCC_WARN_UNUSED_FUNCTION = YES;
				GCC_WARN_UNUSED_VARIABLE = YES;
				MTL_ENABLE_DEBUG_INFO = INCLUDE_SOURCE;
				MTL_FAST_MATH = YES;
				ONLY_ACTIVE_ARCH = YES;
				SWIFT_ACTIVE_COMPILATION_CONDITIONS = DEBUG;
				SWIFT_OPTIMIZATION_LEVEL = "-Onone";
			};
			name = Debug;
		};
		2DAD07592A7D5DE7007A7189 /* Release */ = {
			isa = XCBuildConfiguration;
			buildSettings = {
				ALWAYS_SEARCH_USER_PATHS = NO;
				CLANG_ANALYZER_NONNULL = YES;
				CLANG_ANALYZER_NUMBER_OBJECT_CONVERSION = YES_AGGRESSIVE;
				CLANG_CXX_LANGUAGE_STANDARD = "gnu++20";
				CLANG_ENABLE_MODULES = YES;
				CLANG_ENABLE_OBJC_ARC = YES;
				CLANG_ENABLE_OBJC_WEAK = YES;
				CLANG_WARN_BLOCK_CAPTURE_AUTORELEASING = YES;
				CLANG_WARN_BOOL_CONVERSION = YES;
				CLANG_WARN_COMMA = YES;
				CLANG_WARN_CONSTANT_CONVERSION = YES;
				CLANG_WARN_DEPRECATED_OBJC_IMPLEMENTATIONS = YES;
				CLANG_WARN_DIRECT_OBJC_ISA_USAGE = YES_ERROR;
				CLANG_WARN_DOCUMENTATION_COMMENTS = YES;
				CLANG_WARN_EMPTY_BODY = YES;
				CLANG_WARN_ENUM_CONVERSION = YES;
				CLANG_WARN_INFINITE_RECURSION = YES;
				CLANG_WARN_INT_CONVERSION = YES;
				CLANG_WARN_NON_LITERAL_NULL_CONVERSION = YES;
				CLANG_WARN_OBJC_IMPLICIT_RETAIN_SELF = YES;
				CLANG_WARN_OBJC_LITERAL_CONVERSION = YES;
				CLANG_WARN_OBJC_ROOT_CLASS = YES_ERROR;
				CLANG_WARN_QUOTED_INCLUDE_IN_FRAMEWORK_HEADER = YES;
				CLANG_WARN_RANGE_LOOP_ANALYSIS = YES;
				CLANG_WARN_STRICT_PROTOTYPES = YES;
				CLANG_WARN_SUSPICIOUS_MOVE = YES;
				CLANG_WARN_UNGUARDED_AVAILABILITY = YES_AGGRESSIVE;
				CLANG_WARN_UNREACHABLE_CODE = YES;
				CLANG_WARN__DUPLICATE_METHOD_MATCH = YES;
				COPY_PHASE_STRIP = NO;
				DEBUG_INFORMATION_FORMAT = "dwarf-with-dsym";
				ENABLE_NS_ASSERTIONS = NO;
				ENABLE_STRICT_OBJC_MSGSEND = YES;
				GCC_C_LANGUAGE_STANDARD = gnu11;
				GCC_NO_COMMON_BLOCKS = YES;
				GCC_WARN_64_TO_32_BIT_CONVERSION = YES;
				GCC_WARN_ABOUT_RETURN_TYPE = YES_ERROR;
				GCC_WARN_UNDECLARED_SELECTOR = YES;
				GCC_WARN_UNINITIALIZED_AUTOS = YES_AGGRESSIVE;
				GCC_WARN_UNUSED_FUNCTION = YES;
				GCC_WARN_UNUSED_VARIABLE = YES;
				MTL_ENABLE_DEBUG_INFO = NO;
				MTL_FAST_MATH = YES;
				SWIFT_COMPILATION_MODE = wholemodule;
				SWIFT_OPTIMIZATION_LEVEL = "-O";
			};
			name = Release;
		};
		2DAD075B2A7D5DE7007A7189 /* Debug */ = {
			isa = XCBuildConfiguration;
			buildSettings = {
				ASSETCATALOG_COMPILER_APPICON_NAME = AppIcon;
				ASSETCATALOG_COMPILER_GLOBAL_ACCENT_COLOR_NAME = AccentColor;
				CODE_SIGN_ENTITLEMENTS = NewsExplorer/NewsExplorer.entitlements;
				CODE_SIGN_STYLE = Automatic;
				CURRENT_PROJECT_VERSION = 1;
				DEVELOPMENT_ASSET_PATHS = "\"NewsExplorer/Preview Content\"";
				DEVELOPMENT_TEAM = G95HLX3X7B;
				ENABLE_HARDENED_RUNTIME = YES;
				ENABLE_PREVIEWS = YES;
				GENERATE_INFOPLIST_FILE = YES;
				"INFOPLIST_KEY_UIApplicationSceneManifest_Generation[sdk=iphoneos*]" = YES;
				"INFOPLIST_KEY_UIApplicationSceneManifest_Generation[sdk=iphonesimulator*]" = YES;
				"INFOPLIST_KEY_UIApplicationSupportsIndirectInputEvents[sdk=iphoneos*]" = YES;
				"INFOPLIST_KEY_UIApplicationSupportsIndirectInputEvents[sdk=iphonesimulator*]" = YES;
				"INFOPLIST_KEY_UILaunchScreen_Generation[sdk=iphoneos*]" = YES;
				"INFOPLIST_KEY_UILaunchScreen_Generation[sdk=iphonesimulator*]" = YES;
				"INFOPLIST_KEY_UIStatusBarStyle[sdk=iphoneos*]" = UIStatusBarStyleDefault;
				"INFOPLIST_KEY_UIStatusBarStyle[sdk=iphonesimulator*]" = UIStatusBarStyleDefault;
				INFOPLIST_KEY_UISupportedInterfaceOrientations_iPad = "UIInterfaceOrientationPortrait UIInterfaceOrientationPortraitUpsideDown UIInterfaceOrientationLandscapeLeft UIInterfaceOrientationLandscapeRight";
				INFOPLIST_KEY_UISupportedInterfaceOrientations_iPhone = "UIInterfaceOrientationPortrait UIInterfaceOrientationLandscapeLeft UIInterfaceOrientationLandscapeRight";
				IPHONEOS_DEPLOYMENT_TARGET = 16.2;
				LD_RUNPATH_SEARCH_PATHS = "@executable_path/Frameworks";
				"LD_RUNPATH_SEARCH_PATHS[sdk=macosx*]" = "@executable_path/../Frameworks";
				MACOSX_DEPLOYMENT_TARGET = 12.6;
				MARKETING_VERSION = 1.0;
				PRODUCT_BUNDLE_IDENTIFIER = DB.NewsExplorer;
				PRODUCT_NAME = "$(TARGET_NAME)";
				SDKROOT = auto;
				SUPPORTED_PLATFORMS = "iphoneos iphonesimulator";
				SUPPORTS_MACCATALYST = NO;
				SUPPORTS_MAC_DESIGNED_FOR_IPHONE_IPAD = NO;
				SWIFT_EMIT_LOC_STRINGS = YES;
				SWIFT_VERSION = 5.0;
				TARGETED_DEVICE_FAMILY = 1;
			};
			name = Debug;
		};
		2DAD075C2A7D5DE7007A7189 /* Release */ = {
			isa = XCBuildConfiguration;
			buildSettings = {
				ASSETCATALOG_COMPILER_APPICON_NAME = AppIcon;
				ASSETCATALOG_COMPILER_GLOBAL_ACCENT_COLOR_NAME = AccentColor;
				CODE_SIGN_ENTITLEMENTS = NewsExplorer/NewsExplorer.entitlements;
				CODE_SIGN_STYLE = Automatic;
				CURRENT_PROJECT_VERSION = 1;
				DEVELOPMENT_ASSET_PATHS = "\"NewsExplorer/Preview Content\"";
				DEVELOPMENT_TEAM = G95HLX3X7B;
				ENABLE_HARDENED_RUNTIME = YES;
				ENABLE_PREVIEWS = YES;
				GENERATE_INFOPLIST_FILE = YES;
				"INFOPLIST_KEY_UIApplicationSceneManifest_Generation[sdk=iphoneos*]" = YES;
				"INFOPLIST_KEY_UIApplicationSceneManifest_Generation[sdk=iphonesimulator*]" = YES;
				"INFOPLIST_KEY_UIApplicationSupportsIndirectInputEvents[sdk=iphoneos*]" = YES;
				"INFOPLIST_KEY_UIApplicationSupportsIndirectInputEvents[sdk=iphonesimulator*]" = YES;
				"INFOPLIST_KEY_UILaunchScreen_Generation[sdk=iphoneos*]" = YES;
				"INFOPLIST_KEY_UILaunchScreen_Generation[sdk=iphonesimulator*]" = YES;
				"INFOPLIST_KEY_UIStatusBarStyle[sdk=iphoneos*]" = UIStatusBarStyleDefault;
				"INFOPLIST_KEY_UIStatusBarStyle[sdk=iphonesimulator*]" = UIStatusBarStyleDefault;
				INFOPLIST_KEY_UISupportedInterfaceOrientations_iPad = "UIInterfaceOrientationPortrait UIInterfaceOrientationPortraitUpsideDown UIInterfaceOrientationLandscapeLeft UIInterfaceOrientationLandscapeRight";
				INFOPLIST_KEY_UISupportedInterfaceOrientations_iPhone = "UIInterfaceOrientationPortrait UIInterfaceOrientationLandscapeLeft UIInterfaceOrientationLandscapeRight";
				IPHONEOS_DEPLOYMENT_TARGET = 16.2;
				LD_RUNPATH_SEARCH_PATHS = "@executable_path/Frameworks";
				"LD_RUNPATH_SEARCH_PATHS[sdk=macosx*]" = "@executable_path/../Frameworks";
				MACOSX_DEPLOYMENT_TARGET = 12.6;
				MARKETING_VERSION = 1.0;
				PRODUCT_BUNDLE_IDENTIFIER = DB.NewsExplorer;
				PRODUCT_NAME = "$(TARGET_NAME)";
				SDKROOT = auto;
				SUPPORTED_PLATFORMS = "iphoneos iphonesimulator";
				SUPPORTS_MACCATALYST = NO;
				SUPPORTS_MAC_DESIGNED_FOR_IPHONE_IPAD = NO;
				SWIFT_EMIT_LOC_STRINGS = YES;
				SWIFT_VERSION = 5.0;
				TARGETED_DEVICE_FAMILY = 1;
			};
			name = Release;
		};
/* End XCBuildConfiguration section */

/* Begin XCConfigurationList section */
		2DAD07462A7D5DE2007A7189 /* Build configuration list for PBXProject "NewsExplorer" */ = {
			isa = XCConfigurationList;
			buildConfigurations = (
				2DAD07582A7D5DE7007A7189 /* Debug */,
				2DAD07592A7D5DE7007A7189 /* Release */,
			);
			defaultConfigurationIsVisible = 0;
			defaultConfigurationName = Release;
		};
		2DAD075A2A7D5DE7007A7189 /* Build configuration list for PBXNativeTarget "NewsExplorer" */ = {
			isa = XCConfigurationList;
			buildConfigurations = (
				2DAD075B2A7D5DE7007A7189 /* Debug */,
				2DAD075C2A7D5DE7007A7189 /* Release */,
			);
			defaultConfigurationIsVisible = 0;
			defaultConfigurationName = Release;
		};
/* End XCConfigurationList section */
	};
	rootObject = 2DAD07432A7D5DE2007A7189 /* Project object */;
}
